
Microsoft Visual Studio Solution File, Format Version 12.00
# Visual Studio 14
VisualStudioVersion = 14.0.25420.1
MinimumVisualStudioVersion = 10.0.40219.1
Project("{F184B08F-C81C-45F6-A57F-5ABD9991F28F}") = "BUSNET", "BUSNET.vbproj", "{14F92825-1FD1-41BE-8B97-1D37CB8C37D4}"
EndProject
Project("{F184B08F-C81C-45F6-A57F-5ABD9991F28F}") = "BHCGDCST", "..\BHCGDCST\BHCGDCST.vbproj", "{BAB720A2-06A6-48E8-B55C-2C2372A2F31E}"
EndProject
Project("{F184B08F-C81C-45F6-A57F-5ABD9991F28F}") = "bHORGNNP", "..\BHORGNNP\bHORGNNP.vbproj", "{BD03D4CF-09F2-43FB-8DB9-570D00793B57}"
EndProject
Project("{F184B08F-C81C-45F6-A57F-5ABD9991F28F}") = "bOVEBOLL", "..\BOVEBOLL\bOVEBOLL.vbproj", "{600D677B-D412-46FD-BCEE-70C6B326F599}"
EndProject
Project("{F184B08F-C81C-45F6-A57F-5ABD9991F28F}") = "BHORGSOR", "..\BHORGSOR\BHORGSOR.vbproj", "{227CC971-60E7-4288-AD1B-AC8F4EDAB246}"
EndProject
Project("{F184B08F-C81C-45F6-A57F-5ABD9991F28F}") = "BFORGSOR", "..\BFORGSOR\BFORGSOR.vbproj", "{1B0B9378-F0C4-4FD8-A038-6E5FA8FC326F}"
EndProject
Project("{F184B08F-C81C-45F6-A57F-5ABD9991F28F}") = "bFVEBOLL", "..\BFVEBOLL\bFVEBOLL.vbproj", "{A4695147-C407-469A-8AA0-CDA95E738861}"
EndProject
Project("{F184B08F-C81C-45F6-A57F-5ABD9991F28F}") = "bHVEBOLL", "..\BHVEBOLL\bHVEBOLL.vbproj", "{5AD1F710-F0F5-4F98-A1C7-8D662BF3DFFD}"
EndProject
Project("{F184B08F-C81C-45F6-A57F-5ABD9991F28F}") = "bOMGARTI", "..\BOMGARTI\bOMGARTI.vbproj", "{1A76C7F2-15D1-48AC-B998-8B4C4570003B}"
EndProject
Project("{F184B08F-C81C-45F6-A57F-5ABD9991F28F}") = "bHMGARTI", "..\BHMGARTI\bHMGARTI.vbproj", "{B8500A33-B4CE-4FCA-A59B-D546068FECF6}"
EndProject
Project("{F184B08F-C81C-45F6-A57F-5ABD9991F28F}") = "BFMGARTI", "..\BFMGARTI\BFMGARTI.vbproj", "{569183D1-6266-42AF-BDBC-792BDE2B15C3}"
EndProject
Project("{F184B08F-C81C-45F6-A57F-5ABD9991F28F}") = "BODBDIBA", "..\bodbdiba\BODBDIBA.vbproj", "{6B92D01B-25D7-49AC-BB5A-3F69956739E0}"
EndProject
Project("{F184B08F-C81C-45F6-A57F-5ABD9991F28F}") = "BFDBDIBA", "..\BFDBDIBA\BFDBDIBA.vbproj", "{4BA21802-B99A-40EC-9518-D0DC35B05BE9}"
EndProject
Project("{F184B08F-C81C-45F6-A57F-5ABD9991F28F}") = "BD__HHLC", "..\BD__HHLC\BD__HHLC.vbproj", "{AFFEB018-00BD-4DF6-9A92-32B2FFCA8842}"
EndProject
Project("{F184B08F-C81C-45F6-A57F-5ABD9991F28F}") = "BE__HHLC", "..\BE__HHLC\BE__HHLC.vbproj", "{966C57C4-F477-46F8-81D8-4E66EB25D659}"
EndProject
Project("{F184B08F-C81C-45F6-A57F-5ABD9991F28F}") = "BN__HHLC", "..\BN__HHLC\BN__HHLC.vbproj", "{674DB242-457A-4128-9C9E-1642ECC0D4E4}"
EndProject
Global
	GlobalSection(SolutionConfigurationPlatforms) = preSolution
		Debug|Any CPU = Debug|Any CPU
		Debug|x86 = Debug|x86
		Release|Any CPU = Release|Any CPU
		Release|x86 = Release|x86
	EndGlobalSection
	GlobalSection(ProjectConfigurationPlatforms) = postSolution
		{14F92825-1FD1-41BE-8B97-1D37CB8C37D4}.Debug|Any CPU.ActiveCfg = Debug|Any CPU
		{14F92825-1FD1-41BE-8B97-1D37CB8C37D4}.Debug|Any CPU.Build.0 = Debug|Any CPU
		{14F92825-1FD1-41BE-8B97-1D37CB8C37D4}.Debug|x86.ActiveCfg = Debug|x86
		{14F92825-1FD1-41BE-8B97-1D37CB8C37D4}.Debug|x86.Build.0 = Debug|x86
		{14F92825-1FD1-41BE-8B97-1D37CB8C37D4}.Release|Any CPU.ActiveCfg = Release|Any CPU
		{14F92825-1FD1-41BE-8B97-1D37CB8C37D4}.Release|Any CPU.Build.0 = Release|Any CPU
		{14F92825-1FD1-41BE-8B97-1D37CB8C37D4}.Release|x86.ActiveCfg = Release|x86
		{14F92825-1FD1-41BE-8B97-1D37CB8C37D4}.Release|x86.Build.0 = Release|x86
		{BAB720A2-06A6-48E8-B55C-2C2372A2F31E}.Debug|Any CPU.ActiveCfg = Debug|x86
		{BAB720A2-06A6-48E8-B55C-2C2372A2F31E}.Debug|x86.ActiveCfg = Debug|x86
		{BAB720A2-06A6-48E8-B55C-2C2372A2F31E}.Debug|x86.Build.0 = Debug|x86
		{BAB720A2-06A6-48E8-B55C-2C2372A2F31E}.Release|Any CPU.ActiveCfg = Release|x86
		{BAB720A2-06A6-48E8-B55C-2C2372A2F31E}.Release|x86.ActiveCfg = Release|x86
		{BAB720A2-06A6-48E8-B55C-2C2372A2F31E}.Release|x86.Build.0 = Release|x86
		{BD03D4CF-09F2-43FB-8DB9-570D00793B57}.Debug|Any CPU.ActiveCfg = Debug|Any CPU
		{BD03D4CF-09F2-43FB-8DB9-570D00793B57}.Debug|Any CPU.Build.0 = Debug|Any CPU
		{BD03D4CF-09F2-43FB-8DB9-570D00793B57}.Debug|x86.ActiveCfg = Debug|Any CPU
		{BD03D4CF-09F2-43FB-8DB9-570D00793B57}.Debug|x86.Build.0 = Debug|Any CPU
		{BD03D4CF-09F2-43FB-8DB9-570D00793B57}.Release|Any CPU.ActiveCfg = Release|Any CPU
		{BD03D4CF-09F2-43FB-8DB9-570D00793B57}.Release|Any CPU.Build.0 = Release|Any CPU
		{BD03D4CF-09F2-43FB-8DB9-570D00793B57}.Release|x86.ActiveCfg = Release|Any CPU
		{BD03D4CF-09F2-43FB-8DB9-570D00793B57}.Release|x86.Build.0 = Release|Any CPU
		{600D677B-D412-46FD-BCEE-70C6B326F599}.Debug|Any CPU.ActiveCfg = Debug|Any CPU
		{600D677B-D412-46FD-BCEE-70C6B326F599}.Debug|Any CPU.Build.0 = Debug|Any CPU
		{600D677B-D412-46FD-BCEE-70C6B326F599}.Debug|x86.ActiveCfg = Debug|Any CPU
		{600D677B-D412-46FD-BCEE-70C6B326F599}.Debug|x86.Build.0 = Debug|Any CPU
		{600D677B-D412-46FD-BCEE-70C6B326F599}.Release|Any CPU.ActiveCfg = Release|Any CPU
		{600D677B-D412-46FD-BCEE-70C6B326F599}.Release|Any CPU.Build.0 = Release|Any CPU
		{600D677B-D412-46FD-BCEE-70C6B326F599}.Release|x86.ActiveCfg = Release|Any CPU
		{600D677B-D412-46FD-BCEE-70C6B326F599}.Release|x86.Build.0 = Release|Any CPU
		{227CC971-60E7-4288-AD1B-AC8F4EDAB246}.Debug|Any CPU.ActiveCfg = Debug|Any CPU
		{227CC971-60E7-4288-AD1B-AC8F4EDAB246}.Debug|Any CPU.Build.0 = Debug|Any CPU
		{227CC971-60E7-4288-AD1B-AC8F4EDAB246}.Debug|x86.ActiveCfg = Debug|Any CPU
		{227CC971-60E7-4288-AD1B-AC8F4EDAB246}.Debug|x86.Build.0 = Debug|Any CPU
		{227CC971-60E7-4288-AD1B-AC8F4EDAB246}.Release|Any CPU.ActiveCfg = Release|Any CPU
		{227CC971-60E7-4288-AD1B-AC8F4EDAB246}.Release|Any CPU.Build.0 = Release|Any CPU
		{227CC971-60E7-4288-AD1B-AC8F4EDAB246}.Release|x86.ActiveCfg = Release|Any CPU
		{227CC971-60E7-4288-AD1B-AC8F4EDAB246}.Release|x86.Build.0 = Release|Any CPU
		{1B0B9378-F0C4-4FD8-A038-6E5FA8FC326F}.Debug|Any CPU.ActiveCfg = Debug|Any CPU
		{1B0B9378-F0C4-4FD8-A038-6E5FA8FC326F}.Debug|Any CPU.Build.0 = Debug|Any CPU
		{1B0B9378-F0C4-4FD8-A038-6E5FA8FC326F}.Debug|x86.ActiveCfg = Debug|Any CPU
		{1B0B9378-F0C4-4FD8-A038-6E5FA8FC326F}.Debug|x86.Build.0 = Debug|Any CPU
		{1B0B9378-F0C4-4FD8-A038-6E5FA8FC326F}.Release|Any CPU.ActiveCfg = Release|Any CPU
		{1B0B9378-F0C4-4FD8-A038-6E5FA8FC326F}.Release|Any CPU.Build.0 = Release|Any CPU
		{1B0B9378-F0C4-4FD8-A038-6E5FA8FC326F}.Release|x86.ActiveCfg = Release|Any CPU
		{1B0B9378-F0C4-4FD8-A038-6E5FA8FC326F}.Release|x86.Build.0 = Release|Any CPU
		{A4695147-C407-469A-8AA0-CDA95E738861}.Debug|Any CPU.ActiveCfg = Debug|Any CPU
		{A4695147-C407-469A-8AA0-CDA95E738861}.Debug|Any CPU.Build.0 = Debug|Any CPU
		{A4695147-C407-469A-8AA0-CDA95E738861}.Debug|x86.ActiveCfg = Debug|Any CPU
		{A4695147-C407-469A-8AA0-CDA95E738861}.Debug|x86.Build.0 = Debug|Any CPU
		{A4695147-C407-469A-8AA0-CDA95E738861}.Release|Any CPU.ActiveCfg = Release|Any CPU
		{A4695147-C407-469A-8AA0-CDA95E738861}.Release|Any CPU.Build.0 = Release|Any CPU
		{A4695147-C407-469A-8AA0-CDA95E738861}.Release|x86.ActiveCfg = Release|Any CPU
		{A4695147-C407-469A-8AA0-CDA95E738861}.Release|x86.Build.0 = Release|Any CPU
		{5AD1F710-F0F5-4F98-A1C7-8D662BF3DFFD}.Debug|Any CPU.ActiveCfg = Debug|Any CPU
		{5AD1F710-F0F5-4F98-A1C7-8D662BF3DFFD}.Debug|Any CPU.Build.0 = Debug|Any CPU
		{5AD1F710-F0F5-4F98-A1C7-8D662BF3DFFD}.Debug|x86.ActiveCfg = Debug|Any CPU
		{5AD1F710-F0F5-4F98-A1C7-8D662BF3DFFD}.Debug|x86.Build.0 = Debug|Any CPU
		{5AD1F710-F0F5-4F98-A1C7-8D662BF3DFFD}.Release|Any CPU.ActiveCfg = Release|Any CPU
		{5AD1F710-F0F5-4F98-A1C7-8D662BF3DFFD}.Release|Any CPU.Build.0 = Release|Any CPU
		{5AD1F710-F0F5-4F98-A1C7-8D662BF3DFFD}.Release|x86.ActiveCfg = Release|Any CPU
		{5AD1F710-F0F5-4F98-A1C7-8D662BF3DFFD}.Release|x86.Build.0 = Release|Any CPU
		{1A76C7F2-15D1-48AC-B998-8B4C4570003B}.Debug|Any CPU.ActiveCfg = Debug|Any CPU
		{1A76C7F2-15D1-48AC-B998-8B4C4570003B}.Debug|Any CPU.Build.0 = Debug|Any CPU
		{1A76C7F2-15D1-48AC-B998-8B4C4570003B}.Debug|x86.ActiveCfg = Debug|Any CPU
		{1A76C7F2-15D1-48AC-B998-8B4C4570003B}.Debug|x86.Build.0 = Debug|Any CPU
		{1A76C7F2-15D1-48AC-B998-8B4C4570003B}.Release|Any CPU.ActiveCfg = Release|Any CPU
		{1A76C7F2-15D1-48AC-B998-8B4C4570003B}.Release|Any CPU.Build.0 = Release|Any CPU
		{1A76C7F2-15D1-48AC-B998-8B4C4570003B}.Release|x86.ActiveCfg = Release|Any CPU
		{1A76C7F2-15D1-48AC-B998-8B4C4570003B}.Release|x86.Build.0 = Release|Any CPU
		{B8500A33-B4CE-4FCA-A59B-D546068FECF6}.Debug|Any CPU.ActiveCfg = Debug|Any CPU
		{B8500A33-B4CE-4FCA-A59B-D546068FECF6}.Debug|Any CPU.Build.0 = Debug|Any CPU
		{B8500A33-B4CE-4FCA-A59B-D546068FECF6}.Debug|x86.ActiveCfg = Debug|Any CPU
		{B8500A33-B4CE-4FCA-A59B-D546068FECF6}.Debug|x86.Build.0 = Debug|Any CPU
		{B8500A33-B4CE-4FCA-A59B-D546068FECF6}.Release|Any CPU.ActiveCfg = Release|Any CPU
		{B8500A33-B4CE-4FCA-A59B-D546068FECF6}.Release|Any CPU.Build.0 = Release|Any CPU
		{B8500A33-B4CE-4FCA-A59B-D546068FECF6}.Release|x86.ActiveCfg = Release|Any CPU
		{B8500A33-B4CE-4FCA-A59B-D546068FECF6}.Release|x86.Build.0 = Release|Any CPU
		{569183D1-6266-42AF-BDBC-792BDE2B15C3}.Debug|Any CPU.ActiveCfg = Debug|Any CPU
		{569183D1-6266-42AF-BDBC-792BDE2B15C3}.Debug|Any CPU.Build.0 = Debug|Any CPU
		{569183D1-6266-42AF-BDBC-792BDE2B15C3}.Debug|x86.ActiveCfg = Debug|Any CPU
		{569183D1-6266-42AF-BDBC-792BDE2B15C3}.Debug|x86.Build.0 = Debug|Any CPU
		{569183D1-6266-42AF-BDBC-792BDE2B15C3}.Release|Any CPU.ActiveCfg = Release|Any CPU
		{569183D1-6266-42AF-BDBC-792BDE2B15C3}.Release|Any CPU.Build.0 = Release|Any CPU
		{569183D1-6266-42AF-BDBC-792BDE2B15C3}.Release|x86.ActiveCfg = Release|Any CPU
		{569183D1-6266-42AF-BDBC-792BDE2B15C3}.Release|x86.Build.0 = Release|Any CPU
		{6B92D01B-25D7-49AC-BB5A-3F69956739E0}.Debug|Any CPU.ActiveCfg = Debug|Any CPU
		{6B92D01B-25D7-49AC-BB5A-3F69956739E0}.Debug|Any CPU.Build.0 = Debug|Any CPU
		{6B92D01B-25D7-49AC-BB5A-3F69956739E0}.Debug|x86.ActiveCfg = Debug|Any CPU
		{6B92D01B-25D7-49AC-BB5A-3F69956739E0}.Debug|x86.Build.0 = Debug|Any CPU
		{6B92D01B-25D7-49AC-BB5A-3F69956739E0}.Release|Any CPU.ActiveCfg = Release|Any CPU
		{6B92D01B-25D7-49AC-BB5A-3F69956739E0}.Release|Any CPU.Build.0 = Release|Any CPU
		{6B92D01B-25D7-49AC-BB5A-3F69956739E0}.Release|x86.ActiveCfg = Release|Any CPU
		{6B92D01B-25D7-49AC-BB5A-3F69956739E0}.Release|x86.Build.0 = Release|Any CPU
		{4BA21802-B99A-40EC-9518-D0DC35B05BE9}.Debug|Any CPU.ActiveCfg = Debug|Any CPU
		{4BA21802-B99A-40EC-9518-D0DC35B05BE9}.Debug|Any CPU.Build.0 = Debug|Any CPU
		{4BA21802-B99A-40EC-9518-D0DC35B05BE9}.Debug|x86.ActiveCfg = Debug|Any CPU
		{4BA21802-B99A-40EC-9518-D0DC35B05BE9}.Debug|x86.Build.0 = Debug|Any CPU
		{4BA21802-B99A-40EC-9518-D0DC35B05BE9}.Release|Any CPU.ActiveCfg = Release|Any CPU
		{4BA21802-B99A-40EC-9518-D0DC35B05BE9}.Release|Any CPU.Build.0 = Release|Any CPU
		{4BA21802-B99A-40EC-9518-D0DC35B05BE9}.Release|x86.ActiveCfg = Release|Any CPU
		{4BA21802-B99A-40EC-9518-D0DC35B05BE9}.Release|x86.Build.0 = Release|Any CPU
		{AFFEB018-00BD-4DF6-9A92-32B2FFCA8842}.Debug|Any CPU.ActiveCfg = Debug|Any CPU
		{AFFEB018-00BD-4DF6-9A92-32B2FFCA8842}.Debug|Any CPU.Build.0 = Debug|Any CPU
		{AFFEB018-00BD-4DF6-9A92-32B2FFCA8842}.Debug|x86.ActiveCfg = Debug|Any CPU
		{AFFEB018-00BD-4DF6-9A92-32B2FFCA8842}.Debug|x86.Build.0 = Debug|Any CPU
		{AFFEB018-00BD-4DF6-9A92-32B2FFCA8842}.Release|Any CPU.ActiveCfg = Release|Any CPU
		{AFFEB018-00BD-4DF6-9A92-32B2FFCA8842}.Release|Any CPU.Build.0 = Release|Any CPU
		{AFFEB018-00BD-4DF6-9A92-32B2FFCA8842}.Release|x86.ActiveCfg = Release|Any CPU
		{AFFEB018-00BD-4DF6-9A92-32B2FFCA8842}.Release|x86.Build.0 = Release|Any CPU
		{966C57C4-F477-46F8-81D8-4E66EB25D659}.Debug|Any CPU.ActiveCfg = Debug|Any CPU
		{966C57C4-F477-46F8-81D8-4E66EB25D659}.Debug|Any CPU.Build.0 = Debug|Any CPU
		{966C57C4-F477-46F8-81D8-4E66EB25D659}.Debug|x86.ActiveCfg = Debug|Any CPU
		{966C57C4-F477-46F8-81D8-4E66EB25D659}.Debug|x86.Build.0 = Debug|Any CPU
		{966C57C4-F477-46F8-81D8-4E66EB25D659}.Release|Any CPU.ActiveCfg = Release|Any CPU
		{966C57C4-F477-46F8-81D8-4E66EB25D659}.Release|Any CPU.Build.0 = Release|Any CPU
		{966C57C4-F477-46F8-81D8-4E66EB25D659}.Release|x86.ActiveCfg = Release|Any CPU
		{966C57C4-F477-46F8-81D8-4E66EB25D659}.Release|x86.Build.0 = Release|Any CPU
		{674DB242-457A-4128-9C9E-1642ECC0D4E4}.Debug|Any CPU.ActiveCfg = Debug|Any CPU
		{674DB242-457A-4128-9C9E-1642ECC0D4E4}.Debug|Any CPU.Build.0 = Debug|Any CPU
		{674DB242-457A-4128-9C9E-1642ECC0D4E4}.Debug|x86.ActiveCfg = Debug|Any CPU
		{674DB242-457A-4128-9C9E-1642ECC0D4E4}.Debug|x86.Build.0 = Debug|Any CPU
		{674DB242-457A-4128-9C9E-1642ECC0D4E4}.Release|Any CPU.ActiveCfg = Release|Any CPU
		{674DB242-457A-4128-9C9E-1642ECC0D4E4}.Release|Any CPU.Build.0 = Release|Any CPU
		{674DB242-457A-4128-9C9E-1642ECC0D4E4}.Release|x86.ActiveCfg = Release|Any CPU
		{674DB242-457A-4128-9C9E-1642ECC0D4E4}.Release|x86.Build.0 = Release|Any CPU
	EndGlobalSection
	GlobalSection(SolutionProperties) = preSolution
		HideSolutionNode = FALSE
	EndGlobalSection
EndGlobal
